{
  "originHash" : "e5d0b9c5068cf87c33625884007c0f51d27003e3fb734b6c61d5c6b8e1962a66",
  "pins" : [
    {
      "identity" : "swift-product-primitives",
      "kind" : "localSourceControl",
      "location" : "https://github.com/swift-primitives/swift-product-primitives.git",
      "state" : {
        "branch" : "main",
        "revision" : "0dc34f64a008f6915645ecaabfca68c5330ef2d4"
      }
    },
    {
      "identity" : "swift-syntax",
      "kind" : "remoteSourceControl",
      "location" : "https://github.com/swiftlang/swift-syntax.git",
      "state" : {
        "revision" : "4799286537280063c85a32f09884cfbca301b1a1",
        "version" : "602.0.0"
      }
    }
  ],
  "version" : 3
}
