{
  "originHash" : "7ca7d7520340b836e86929356a4a9f5bd7806d02518699f0903335d01a57cfbd",
  "pins" : [
    {
      "identity" : "swift-affine-primitives",
      "kind" : "localSourceControl",
      "location" : "https://github.com/swift-primitives/swift-affine-primitives.git",
      "state" : {
        "branch" : "main",
        "revision" : "8d4bdfb1ceac4d0b329c1fb77342207c70e116b2"
      }
    },
    {
      "identity" : "swift-algebra-primitives",
      "kind" : "localSourceControl",
      "location" : "https://github.com/swift-primitives/swift-algebra-primitives.git",
      "state" : {
        "branch" : "main",
        "revision" : "926dcdc86549ce64f6cadf2b5ebed67460249428"
      }
    },
    {
      "identity" : "swift-arm-standard",
      "kind" : "localSourceControl",
      "location" : "https://github.com/swift-arm-ltd/swift-arm-standard.git",
      "state" : {
        "branch" : "main",
        "revision" : "b06899b2dab4355f80001c708a356ffc419be375"
      }
    },
    {
      "identity" : "swift-array-primitives",
      "kind" : "localSourceControl",
      "location" : "https://github.com/swift-primitives/swift-array-primitives.git",
      "state" : {
        "branch" : "main",
        "revision" : "8f83e6d45eb34c6ee50ad9273d4bb160dd2c4418"
      }
    },
    {
      "identity" : "swift-ascii",
      "kind" : "localSourceControl",
      "location" : "https://github.com/swift-foundations/swift-ascii.git",
      "state" : {
        "branch" : "main",
        "revision" : "22f4280111563d23b1a3b718f5108cbd0dbf55de"
      }
    },
    {
      "identity" : "swift-ascii-parser-primitives",
      "kind" : "localSourceControl",
      "location" : "https://github.com/swift-primitives/swift-ascii-parser-primitives.git",
      "state" : {
        "branch" : "main",
        "revision" : "9e378fb12c36893752daa11f5947558ca940951d"
      }
    },
    {
      "identity" : "swift-ascii-primitives",
      "kind" : "localSourceControl",
      "location" : "https://github.com/swift-primitives/swift-ascii-primitives.git",
      "state" : {
        "branch" : "main",
        "revision" : "2ceefca22be2e6227117bf5a0017edc7e3326439"
      }
    },
    {
      "identity" : "swift-ascii-serializer-primitives",
      "kind" : "localSourceControl",
      "location" : "https://github.com/swift-primitives/swift-ascii-serializer-primitives.git",
      "state" : {
        "branch" : "main",
        "revision" : "d40dcb542bfb6b73983c016b87bddd58d4d3167c"
      }
    },
    {
      "identity" : "swift-async",
      "kind" : "localSourceControl",
      "location" : "https://github.com/swift-foundations/swift-async.git",
      "state" : {
        "branch" : "main",
        "revision" : "a0e4d77c66016c3dda2550df01aa1853c4837fc6"
      }
    },
    {
      "identity" : "swift-async-primitives",
      "kind" : "localSourceControl",
      "location" : "https://github.com/swift-primitives/swift-async-primitives.git",
      "state" : {
        "branch" : "main",
        "revision" : "8665bfd7e83c01e2f404445013f370a7dda4d00a"
      }
    },
    {
      "identity" : "swift-binary-base-primitives",
      "kind" : "localSourceControl",
      "location" : "https://github.com/swift-primitives/swift-binary-base-primitives.git",
      "state" : {
        "branch" : "main",
        "revision" : "c9e1cd7a52a5548494786e7fd78c3a8d3f5d3bc5"
      }
    },
    {
      "identity" : "swift-binary-leb128-primitives",
      "kind" : "localSourceControl",
      "location" : "https://github.com/swift-primitives/swift-binary-leb128-primitives.git",
      "state" : {
        "branch" : "main",
        "revision" : "3eb24fc2a174de98415312a21f0efa1d3e963aca"
      }
    },
    {
      "identity" : "swift-binary-parser-primitives",
      "kind" : "localSourceControl",
      "location" : "https://github.com/swift-primitives/swift-binary-parser-primitives.git",
      "state" : {
        "branch" : "main",
        "revision" : "02ce64df5b02b3edc2f72a9db1b0f5ecdcf0fc6d"
      }
    },
    {
      "identity" : "swift-binary-primitives",
      "kind" : "localSourceControl",
      "location" : "https://github.com/swift-primitives/swift-binary-primitives.git",
      "state" : {
        "branch" : "main",
        "revision" : "d4f2bcb76f1bb81673a4d925b86e9051580a67cf"
      }
    },
    {
      "identity" : "swift-binary-serializer-primitives",
      "kind" : "localSourceControl",
      "location" : "https://github.com/swift-primitives/swift-binary-serializer-primitives.git",
      "state" : {
        "branch" : "main",
        "revision" : "d7446bdc7b6d36bcde35935fb866ffebed2869d0"
      }
    },
    {
      "identity" : "swift-bit-index-primitives",
      "kind" : "localSourceControl",
      "location" : "https://github.com/swift-primitives/swift-bit-index-primitives.git",
      "state" : {
        "branch" : "main",
        "revision" : "756b77dd94c954c2e5c6e137e6df27a29f1e03de"
      }
    },
    {
      "identity" : "swift-bit-pack-primitives",
      "kind" : "localSourceControl",
      "location" : "https://github.com/swift-primitives/swift-bit-pack-primitives.git",
      "state" : {
        "branch" : "main",
        "revision" : "172b71c18a698ee09f507a99a4c05d12e9abac16"
      }
    },
    {
      "identity" : "swift-bit-primitives",
      "kind" : "localSourceControl",
      "location" : "https://github.com/swift-primitives/swift-bit-primitives.git",
      "state" : {
        "branch" : "main",
        "revision" : "aabb812768b927e599c3a163a03ffc5a26625fe6"
      }
    },
    {
      "identity" : "swift-bit-vector-primitives",
      "kind" : "localSourceControl",
      "location" : "https://github.com/swift-primitives/swift-bit-vector-primitives.git",
      "state" : {
        "branch" : "main",
        "revision" : "bd39d95c854dff195a9d2e71c65460f002f11b9a"
      }
    },
    {
      "identity" : "swift-buffer-arena-primitives",
      "kind" : "localSourceControl",
      "location" : "https://github.com/swift-primitives/swift-buffer-arena-primitives.git",
      "state" : {
        "branch" : "main",
        "revision" : "71a314c6db8fd1f44dfa3160f8e5864c957edcc6"
      }
    },
    {
      "identity" : "swift-buffer-linear-primitives",
      "kind" : "localSourceControl",
      "location" : "https://github.com/swift-primitives/swift-buffer-linear-primitives.git",
      "state" : {
        "branch" : "main",
        "revision" : "9db96ff708ac6a8badaa61dc09649caa4170060a"
      }
    },
    {
      "identity" : "swift-buffer-primitives",
      "kind" : "localSourceControl",
      "location" : "https://github.com/swift-primitives/swift-buffer-primitives.git",
      "state" : {
        "branch" : "main",
        "revision" : "9875eb9445a49d0a6538bbded2dfd3020fcbc3a9"
      }
    },
    {
      "identity" : "swift-buffer-ring-primitives",
      "kind" : "localSourceControl",
      "location" : "https://github.com/swift-primitives/swift-buffer-ring-primitives.git",
      "state" : {
        "branch" : "main",
        "revision" : "342f6b72b4f9cac19aeb21b5eb7d5281f7ff9fc6"
      }
    },
    {
      "identity" : "swift-buffer-slab-primitives",
      "kind" : "localSourceControl",
      "location" : "https://github.com/swift-primitives/swift-buffer-slab-primitives.git",
      "state" : {
        "branch" : "main",
        "revision" : "0716227ec15f0ceeb2da788d5504f60a22125586"
      }
    },
    {
      "identity" : "swift-buffer-slots-primitives",
      "kind" : "localSourceControl",
      "location" : "https://github.com/swift-primitives/swift-buffer-slots-primitives.git",
      "state" : {
        "branch" : "main",
        "revision" : "1da037930ce4d774d04e2ec82160f7eceebe8283"
      }
    },
    {
      "identity" : "swift-builder-primitives",
      "kind" : "localSourceControl",
      "location" : "https://github.com/swift-primitives/swift-builder-primitives.git",
      "state" : {
        "branch" : "main",
        "revision" : "5e299cd88ca3ab1a9ccc243de2a349fdf1e06694"
      }
    },
    {
      "identity" : "swift-byte-cursor-primitives",
      "kind" : "localSourceControl",
      "location" : "https://github.com/swift-primitives/swift-byte-cursor-primitives.git",
      "state" : {
        "branch" : "main",
        "revision" : "93e19dfc695dd53762e096ccab323def80fbb0b7"
      }
    },
    {
      "identity" : "swift-byte-parser-primitives",
      "kind" : "localSourceControl",
      "location" : "https://github.com/swift-primitives/swift-byte-parser-primitives.git",
      "state" : {
        "branch" : "main",
        "revision" : "66e8a0626de8d62adaa14bd5e0a260ade4a3cf3a"
      }
    },
    {
      "identity" : "swift-byte-primitives",
      "kind" : "localSourceControl",
      "location" : "https://github.com/swift-primitives/swift-byte-primitives.git",
      "state" : {
        "branch" : "main",
        "revision" : "68c0974110bc9abdc0befdaf024d9c01d5ce5bfa"
      }
    },
    {
      "identity" : "swift-cache-primitives",
      "kind" : "localSourceControl",
      "location" : "https://github.com/swift-primitives/swift-cache-primitives.git",
      "state" : {
        "branch" : "main",
        "revision" : "11ede83a2172166e7ab564147826da1ffd0b69df"
      }
    },
    {
      "identity" : "swift-cardinal-primitives",
      "kind" : "localSourceControl",
      "location" : "https://github.com/swift-primitives/swift-cardinal-primitives.git",
      "state" : {
        "branch" : "main",
        "revision" : "335e064cf862c5d1df0dcc68e526e07ac1fdbad7"
      }
    },
    {
      "identity" : "swift-carrier-primitives",
      "kind" : "localSourceControl",
      "location" : "https://github.com/swift-primitives/swift-carrier-primitives.git",
      "state" : {
        "branch" : "main",
        "revision" : "4f9fc570492a61bcfb8f4a9fef93cc3fa72ec30e"
      }
    },
    {
      "identity" : "swift-clock-primitives",
      "kind" : "localSourceControl",
      "location" : "https://github.com/swift-primitives/swift-clock-primitives.git",
      "state" : {
        "branch" : "main",
        "revision" : "6f206a2e064f1f63b9224d67998887cc695a6cef"
      }
    },
    {
      "identity" : "swift-clocks",
      "kind" : "localSourceControl",
      "location" : "https://github.com/swift-foundations/swift-clocks.git",
      "state" : {
        "branch" : "main",
        "revision" : "3a59ab2cc0c7dd4c33d5b20685c0472c53c66539"
      }
    },
    {
      "identity" : "swift-coder-primitives",
      "kind" : "localSourceControl",
      "location" : "https://github.com/swift-primitives/swift-coder-primitives.git",
      "state" : {
        "branch" : "main",
        "revision" : "8456105d909f3fd9a498c71cf4490fb553f25494"
      }
    },
    {
      "identity" : "swift-collection-primitives",
      "kind" : "localSourceControl",
      "location" : "https://github.com/swift-primitives/swift-collection-primitives.git",
      "state" : {
        "branch" : "main",
        "revision" : "4042d2c81948e6510af6c6a228aaeeb9c59e0b33"
      }
    },
    {
      "identity" : "swift-comparison-primitives",
      "kind" : "localSourceControl",
      "location" : "https://github.com/swift-primitives/swift-comparison-primitives.git",
      "state" : {
        "branch" : "main",
        "revision" : "0484243a858049a4221016c42d294beddd838fa9"
      }
    },
    {
      "identity" : "swift-console",
      "kind" : "localSourceControl",
      "location" : "https://github.com/swift-foundations/swift-console.git",
      "state" : {
        "branch" : "main",
        "revision" : "1e9534162447c8e25b51ba40a12bd1a0c924328a"
      }
    },
    {
      "identity" : "swift-cpu",
      "kind" : "localSourceControl",
      "location" : "https://github.com/swift-foundations/swift-cpu.git",
      "state" : {
        "branch" : "main",
        "revision" : "95b8e0d4689b3f1c1e127e95dfe02cdd1d1eda6b"
      }
    },
    {
      "identity" : "swift-cpu-primitives",
      "kind" : "localSourceControl",
      "location" : "https://github.com/swift-primitives/swift-cpu-primitives.git",
      "state" : {
        "branch" : "main",
        "revision" : "963d2d9e45ba8f7dc7201627271d006fa24fe48f"
      }
    },
    {
      "identity" : "swift-cursor-primitives",
      "kind" : "localSourceControl",
      "location" : "https://github.com/swift-primitives/swift-cursor-primitives.git",
      "state" : {
        "branch" : "main",
        "revision" : "282c26782ee91c8fe8e15a307eca90f92519ae01"
      }
    },
    {
      "identity" : "swift-cyclic-index-primitives",
      "kind" : "localSourceControl",
      "location" : "https://github.com/swift-primitives/swift-cyclic-index-primitives.git",
      "state" : {
        "branch" : "main",
        "revision" : "a806edd7c36ab264f03730b06f4b571576c38020"
      }
    },
    {
      "identity" : "swift-cyclic-primitives",
      "kind" : "localSourceControl",
      "location" : "https://github.com/swift-primitives/swift-cyclic-primitives.git",
      "state" : {
        "branch" : "main",
        "revision" : "2647c8570a486d52b4b0b9148195b7778884173f"
      }
    },
    {
      "identity" : "swift-darwin",
      "kind" : "localSourceControl",
      "location" : "https://github.com/swift-foundations/swift-darwin.git",
      "state" : {
        "branch" : "main",
        "revision" : "9921ab82228e3cb18180a3726a39cc62115edf7a"
      }
    },
    {
      "identity" : "swift-darwin-standard",
      "kind" : "localSourceControl",
      "location" : "https://github.com/swift-standards/swift-darwin-standard.git",
      "state" : {
        "branch" : "main",
        "revision" : "64a69ede43b36c9ae2118514da2be5592e6b1250"
      }
    },
    {
      "identity" : "swift-dependencies",
      "kind" : "localSourceControl",
      "location" : "https://github.com/swift-foundations/swift-dependencies.git",
      "state" : {
        "branch" : "main",
        "revision" : "fbc2b26fc5a3214930eb08082d47c83ced6418a7"
      }
    },
    {
      "identity" : "swift-dependency-primitives",
      "kind" : "localSourceControl",
      "location" : "https://github.com/swift-primitives/swift-dependency-primitives.git",
      "state" : {
        "branch" : "main",
        "revision" : "662d2f249262154e7491371bb8ab350323e37f9c"
      }
    },
    {
      "identity" : "swift-deque-primitives",
      "kind" : "localSourceControl",
      "location" : "https://github.com/swift-primitives/swift-deque-primitives.git",
      "state" : {
        "branch" : "main",
        "revision" : "5485bcd0a92f6b004ddfa78aedb8f332cca12ddc"
      }
    },
    {
      "identity" : "swift-dictionary-ordered-primitives",
      "kind" : "localSourceControl",
      "location" : "https://github.com/swift-primitives/swift-dictionary-ordered-primitives.git",
      "state" : {
        "branch" : "main",
        "revision" : "84ce922cbbb65ae693109bb4c35f44f1b18f748a"
      }
    },
    {
      "identity" : "swift-dictionary-primitives",
      "kind" : "localSourceControl",
      "location" : "https://github.com/swift-primitives/swift-dictionary-primitives.git",
      "state" : {
        "branch" : "main",
        "revision" : "2f13b4e013874830c9385efa5e88622183fde137"
      }
    },
    {
      "identity" : "swift-dimension-primitives",
      "kind" : "localSourceControl",
      "location" : "https://github.com/swift-primitives/swift-dimension-primitives.git",
      "state" : {
        "branch" : "main",
        "revision" : "03f25108d63180027789be2b927b9306d00bff79"
      }
    },
    {
      "identity" : "swift-ecma-48",
      "kind" : "localSourceControl",
      "location" : "https://github.com/swift-ecma/swift-ecma-48.git",
      "state" : {
        "branch" : "main",
        "revision" : "547f0688f4d433413171a56944da2b33347fe563"
      }
    },
    {
      "identity" : "swift-effect-primitives",
      "kind" : "localSourceControl",
      "location" : "https://github.com/swift-primitives/swift-effect-primitives.git",
      "state" : {
        "branch" : "main",
        "revision" : "01cc88fbd5645cdece165c948fcd24e2e34f2058"
      }
    },
    {
      "identity" : "swift-either-primitives",
      "kind" : "localSourceControl",
      "location" : "https://github.com/swift-primitives/swift-either-primitives.git",
      "state" : {
        "branch" : "main",
        "revision" : "690b1c83aa19959ec5759ae7509abfb8caf5466e"
      }
    },
    {
      "identity" : "swift-environment",
      "kind" : "localSourceControl",
      "location" : "https://github.com/swift-foundations/swift-environment.git",
      "state" : {
        "branch" : "main",
        "revision" : "ba3172e2ac181c3dfdaa7ef719f6acb610699583"
      }
    },
    {
      "identity" : "swift-equation-primitives",
      "kind" : "localSourceControl",
      "location" : "https://github.com/swift-primitives/swift-equation-primitives.git",
      "state" : {
        "branch" : "main",
        "revision" : "baf48492c819748f48d46736661347ba0c84e11e"
      }
    },
    {
      "identity" : "swift-error-primitives",
      "kind" : "localSourceControl",
      "location" : "https://github.com/swift-primitives/swift-error-primitives.git",
      "state" : {
        "branch" : "main",
        "revision" : "afffb8599947e262ff8ef30a93eff749128182fb"
      }
    },
    {
      "identity" : "swift-executor-primitives",
      "kind" : "localSourceControl",
      "location" : "https://github.com/swift-primitives/swift-executor-primitives.git",
      "state" : {
        "branch" : "main",
        "revision" : "fc504de139a9b6a209c8014ff215fc0f961b1bb0"
      }
    },
    {
      "identity" : "swift-executors",
      "kind" : "localSourceControl",
      "location" : "https://github.com/swift-foundations/swift-executors.git",
      "state" : {
        "branch" : "main",
        "revision" : "318f4c557f1da355f2960ed12cc495d4219d1165"
      }
    },
    {
      "identity" : "swift-file-system",
      "kind" : "localSourceControl",
      "location" : "https://github.com/swift-foundations/swift-file-system.git",
      "state" : {
        "branch" : "main",
        "revision" : "cd810308305e899c3b57959cfa8e10e76830a249"
      }
    },
    {
      "identity" : "swift-finite-primitives",
      "kind" : "localSourceControl",
      "location" : "https://github.com/swift-primitives/swift-finite-primitives.git",
      "state" : {
        "branch" : "main",
        "revision" : "006a34f71a18df3ebeaf544c4cdf46d9ec09f7fd"
      }
    },
    {
      "identity" : "swift-format-primitives",
      "kind" : "localSourceControl",
      "location" : "https://github.com/swift-primitives/swift-format-primitives.git",
      "state" : {
        "branch" : "main",
        "revision" : "18a348beb135c534383bd5604dabb9b8240349f9"
      }
    },
    {
      "identity" : "swift-formatter-primitives",
      "kind" : "localSourceControl",
      "location" : "https://github.com/swift-primitives/swift-formatter-primitives.git",
      "state" : {
        "branch" : "main",
        "revision" : "ed444b5b59b17c6ec58c4ce257303a18507c16f6"
      }
    },
    {
      "identity" : "swift-glob-primitives",
      "kind" : "localSourceControl",
      "location" : "https://github.com/swift-primitives/swift-glob-primitives.git",
      "state" : {
        "branch" : "main",
        "revision" : "942e65c8edb4cc07850af58693f0826c40364b65"
      }
    },
    {
      "identity" : "swift-graph-primitives",
      "kind" : "localSourceControl",
      "location" : "https://github.com/swift-primitives/swift-graph-primitives.git",
      "state" : {
        "branch" : "main",
        "revision" : "38e98c8a6bedbb516bc8a4fc2fe50e5a2b35963c"
      }
    },
    {
      "identity" : "swift-hash-primitives",
      "kind" : "localSourceControl",
      "location" : "https://github.com/swift-primitives/swift-hash-primitives.git",
      "state" : {
        "branch" : "main",
        "revision" : "5f4258d23b5e1775cdbc21c19762e8a2b95cef5d"
      }
    },
    {
      "identity" : "swift-hash-table-primitives",
      "kind" : "localSourceControl",
      "location" : "https://github.com/swift-primitives/swift-hash-table-primitives.git",
      "state" : {
        "branch" : "main",
        "revision" : "08f44cc09cf06acbc7447275784c09364470150c"
      }
    },
    {
      "identity" : "swift-heap-primitives",
      "kind" : "localSourceControl",
      "location" : "https://github.com/swift-primitives/swift-heap-primitives.git",
      "state" : {
        "branch" : "main",
        "revision" : "a701b91d84e168653842810b7e4f5b538c858722"
      }
    },
    {
      "identity" : "swift-incits-4-1986",
      "kind" : "localSourceControl",
      "location" : "https://github.com/swift-incits/swift-incits-4-1986.git",
      "state" : {
        "branch" : "main",
        "revision" : "239b97a80ede7ab795981ac6a8840745da78550c"
      }
    },
    {
      "identity" : "swift-index-primitives",
      "kind" : "localSourceControl",
      "location" : "https://github.com/swift-primitives/swift-index-primitives.git",
      "state" : {
        "branch" : "main",
        "revision" : "069965830e3631e47cafc3b39830ca797fb33f29"
      }
    },
    {
      "identity" : "swift-initialization-primitives",
      "kind" : "localSourceControl",
      "location" : "https://github.com/swift-primitives/swift-initialization-primitives.git",
      "state" : {
        "branch" : "main",
        "revision" : "cb2c007a9ae56ec368ff09de3e5f325821a39d15"
      }
    },
    {
      "identity" : "swift-input-primitives",
      "kind" : "localSourceControl",
      "location" : "https://github.com/swift-primitives/swift-input-primitives.git",
      "state" : {
        "branch" : "main",
        "revision" : "f320aef26bdbaed7d593e9e7dbaeb451afa9583e"
      }
    },
    {
      "identity" : "swift-io",
      "kind" : "localSourceControl",
      "location" : "https://github.com/swift-foundations/swift-io.git",
      "state" : {
        "branch" : "main",
        "revision" : "0d9c04aab59615e10c5dc44171bbcbb35146d7a6"
      }
    },
    {
      "identity" : "swift-io-primitives",
      "kind" : "localSourceControl",
      "location" : "https://github.com/swift-primitives/swift-io-primitives.git",
      "state" : {
        "branch" : "main",
        "revision" : "bdfaeb9bd76fb26abdbdf79697e02fd32beb0da5"
      }
    },
    {
      "identity" : "swift-iso-9899",
      "kind" : "localSourceControl",
      "location" : "https://github.com/swift-iso/swift-iso-9899.git",
      "state" : {
        "branch" : "main",
        "revision" : "562f7ba31eb832461e5401daa0faafe25817058e"
      }
    },
    {
      "identity" : "swift-iso-9945",
      "kind" : "localSourceControl",
      "location" : "https://github.com/swift-iso/swift-iso-9945.git",
      "state" : {
        "branch" : "main",
        "revision" : "e84871aadc2e6b279c342fa88a56ed93bfc24704"
      }
    },
    {
      "identity" : "swift-iterator-primitives",
      "kind" : "localSourceControl",
      "location" : "https://github.com/swift-primitives/swift-iterator-primitives.git",
      "state" : {
        "branch" : "main",
        "revision" : "c424eae74aa6798f4aa50f4fef0909f111f399e5"
      }
    },
    {
      "identity" : "swift-json",
      "kind" : "localSourceControl",
      "location" : "https://github.com/swift-foundations/swift-json.git",
      "state" : {
        "branch" : "main",
        "revision" : "198613b83c0347f01b62f70c1ff3b8df79f787a6"
      }
    },
    {
      "identity" : "swift-kernel",
      "kind" : "localSourceControl",
      "location" : "https://github.com/swift-foundations/swift-kernel.git",
      "state" : {
        "branch" : "main",
        "revision" : "8b4f7280aa04320218908c02b2f98decde69a8bf"
      }
    },
    {
      "identity" : "swift-lexer-primitives",
      "kind" : "localSourceControl",
      "location" : "https://github.com/swift-primitives/swift-lexer-primitives.git",
      "state" : {
        "branch" : "main",
        "revision" : "0271266cab54a5a2cd2c4cbf19208df03ed29af4"
      }
    },
    {
      "identity" : "swift-link-primitives",
      "kind" : "localSourceControl",
      "location" : "https://github.com/swift-primitives/swift-link-primitives.git",
      "state" : {
        "branch" : "main",
        "revision" : "9cc0b8699b51d8778318b5ceab21b3dc3c94b4d6"
      }
    },
    {
      "identity" : "swift-linux",
      "kind" : "localSourceControl",
      "location" : "https://github.com/swift-foundations/swift-linux.git",
      "state" : {
        "branch" : "main",
        "revision" : "d07e543996045908907ff13a20cce8fadda7f97e"
      }
    },
    {
      "identity" : "swift-linux-standard",
      "kind" : "localSourceControl",
      "location" : "https://github.com/swift-linux-foundation/swift-linux-standard.git",
      "state" : {
        "branch" : "main",
        "revision" : "0f13252ca27193422d5aa97be54ae75e3c03ce9c"
      }
    },
    {
      "identity" : "swift-loader",
      "kind" : "localSourceControl",
      "location" : "https://github.com/swift-foundations/swift-loader.git",
      "state" : {
        "branch" : "main",
        "revision" : "f11a3ab83ac79a03b75105bdb04c9b65f88f670e"
      }
    },
    {
      "identity" : "swift-loader-primitives",
      "kind" : "localSourceControl",
      "location" : "https://github.com/swift-primitives/swift-loader-primitives.git",
      "state" : {
        "branch" : "main",
        "revision" : "9b40c2282353a43f402909230cefad3feebccff9"
      }
    },
    {
      "identity" : "swift-machine-primitives",
      "kind" : "localSourceControl",
      "location" : "https://github.com/swift-primitives/swift-machine-primitives.git",
      "state" : {
        "branch" : "main",
        "revision" : "6db8df2e6a36a59147af0a8d75c9e3dfe846ea6c"
      }
    },
    {
      "identity" : "swift-memory",
      "kind" : "localSourceControl",
      "location" : "https://github.com/swift-foundations/swift-memory.git",
      "state" : {
        "branch" : "main",
        "revision" : "a77520987ff5f9b26efd437a4709081bcb96c20b"
      }
    },
    {
      "identity" : "swift-memory-arena-primitives",
      "kind" : "localSourceControl",
      "location" : "https://github.com/swift-primitives/swift-memory-arena-primitives.git",
      "state" : {
        "branch" : "main",
        "revision" : "aecbeef96c6e326a52126ae1f9f2c11760c71f81"
      }
    },
    {
      "identity" : "swift-memory-buffer-primitives",
      "kind" : "localSourceControl",
      "location" : "https://github.com/swift-primitives/swift-memory-buffer-primitives.git",
      "state" : {
        "branch" : "main",
        "revision" : "350009cad095a6dd015384f0b5aed6d124dbd9c9"
      }
    },
    {
      "identity" : "swift-memory-cursor-primitives",
      "kind" : "localSourceControl",
      "location" : "https://github.com/swift-primitives/swift-memory-cursor-primitives.git",
      "state" : {
        "branch" : "main",
        "revision" : "cf5dd2ad8877875e40fd78e01868c8edbc40ce35"
      }
    },
    {
      "identity" : "swift-memory-iterator-primitives",
      "kind" : "localSourceControl",
      "location" : "https://github.com/swift-primitives/swift-memory-iterator-primitives.git",
      "state" : {
        "branch" : "main",
        "revision" : "0ab58b403c75915c8224d9360c849516bf2d2202"
      }
    },
    {
      "identity" : "swift-memory-lock-primitives",
      "kind" : "localSourceControl",
      "location" : "https://github.com/swift-primitives/swift-memory-lock-primitives.git",
      "state" : {
        "branch" : "main",
        "revision" : "af36823af561a101897f5babdafc3525b1710ab5"
      }
    },
    {
      "identity" : "swift-memory-map-primitives",
      "kind" : "localSourceControl",
      "location" : "https://github.com/swift-primitives/swift-memory-map-primitives.git",
      "state" : {
        "branch" : "main",
        "revision" : "dba15aaab4c951a955f7f3e3d384d6ccf991dfdb"
      }
    },
    {
      "identity" : "swift-memory-pool-primitives",
      "kind" : "localSourceControl",
      "location" : "https://github.com/swift-primitives/swift-memory-pool-primitives.git",
      "state" : {
        "branch" : "main",
        "revision" : "6de2f533d83e88673fc5576e9ee81f019f3545b1"
      }
    },
    {
      "identity" : "swift-memory-primitives",
      "kind" : "localSourceControl",
      "location" : "https://github.com/swift-primitives/swift-memory-primitives.git",
      "state" : {
        "branch" : "main",
        "revision" : "6ed3651de710ac3ba6fdfc6a5928b295084ca794"
      }
    },
    {
      "identity" : "swift-memory-shared-primitives",
      "kind" : "localSourceControl",
      "location" : "https://github.com/swift-primitives/swift-memory-shared-primitives.git",
      "state" : {
        "branch" : "main",
        "revision" : "e83390269f8fdf65d56e403a196b8f092052396e"
      }
    },
    {
      "identity" : "swift-numeric-primitives",
      "kind" : "localSourceControl",
      "location" : "https://github.com/swift-primitives/swift-numeric-primitives.git",
      "state" : {
        "branch" : "main",
        "revision" : "71b534658f6a4fea982b4be3305b829ad52a6d2d"
      }
    },
    {
      "identity" : "swift-optic-primitives",
      "kind" : "localSourceControl",
      "location" : "https://github.com/swift-primitives/swift-optic-primitives.git",
      "state" : {
        "branch" : "main",
        "revision" : "e4e4a4e8ed16627f2000891d1662f0fb3e500d46"
      }
    },
    {
      "identity" : "swift-order-primitives",
      "kind" : "localSourceControl",
      "location" : "https://github.com/swift-primitives/swift-order-primitives.git",
      "state" : {
        "branch" : "main",
        "revision" : "7eee567ec4683233f15e3ffb7a61f9c7d5334c17"
      }
    },
    {
      "identity" : "swift-ordinal-primitives",
      "kind" : "localSourceControl",
      "location" : "https://github.com/swift-primitives/swift-ordinal-primitives.git",
      "state" : {
        "branch" : "main",
        "revision" : "0d33fe80f4c3b9ff90f44ea6dbf17a29a3bc747b"
      }
    },
    {
      "identity" : "swift-ownership-primitives",
      "kind" : "localSourceControl",
      "location" : "https://github.com/swift-primitives/swift-ownership-primitives.git",
      "state" : {
        "branch" : "main",
        "revision" : "04604c4434a1df42c2577197a19bd86699b6b2c9"
      }
    },
    {
      "identity" : "swift-pair-primitives",
      "kind" : "localSourceControl",
      "location" : "https://github.com/swift-primitives/swift-pair-primitives.git",
      "state" : {
        "branch" : "main",
        "revision" : "eb9eb2da11ae304eda5cb0542727388a966a4b0b"
      }
    },
    {
      "identity" : "swift-parser-primitives",
      "kind" : "localSourceControl",
      "location" : "https://github.com/swift-primitives/swift-parser-primitives.git",
      "state" : {
        "branch" : "main",
        "revision" : "6fa86a61436bde34f2ae109724517b332c838c1a"
      }
    },
    {
      "identity" : "swift-path-primitives",
      "kind" : "localSourceControl",
      "location" : "https://github.com/swift-primitives/swift-path-primitives.git",
      "state" : {
        "branch" : "main",
        "revision" : "b1376c6f225f95176d74240656501d34ab2fbe37"
      }
    },
    {
      "identity" : "swift-paths",
      "kind" : "localSourceControl",
      "location" : "https://github.com/swift-foundations/swift-paths.git",
      "state" : {
        "branch" : "main",
        "revision" : "f683c70d91cf2c4d2508e72e400e6959d0328662"
      }
    },
    {
      "identity" : "swift-posix",
      "kind" : "localSourceControl",
      "location" : "https://github.com/swift-foundations/swift-posix.git",
      "state" : {
        "branch" : "main",
        "revision" : "4c30a92b16c7d45d721dbbaa1fd04983acd60a84"
      }
    },
    {
      "identity" : "swift-product-primitives",
      "kind" : "localSourceControl",
      "location" : "https://github.com/swift-primitives/swift-product-primitives.git",
      "state" : {
        "branch" : "main",
        "revision" : "0dc34f64a008f6915645ecaabfca68c5330ef2d4"
      }
    },
    {
      "identity" : "swift-property-primitives",
      "kind" : "localSourceControl",
      "location" : "https://github.com/swift-primitives/swift-property-primitives.git",
      "state" : {
        "branch" : "main",
        "revision" : "caee49dc21bd587255a1031ffeba0a26f1fcda34"
      }
    },
    {
      "identity" : "swift-queue-primitives",
      "kind" : "localSourceControl",
      "location" : "https://github.com/swift-primitives/swift-queue-primitives.git",
      "state" : {
        "branch" : "main",
        "revision" : "af695f7e63c057609410444f298a5b7ceba35169"
      }
    },
    {
      "identity" : "swift-random-primitives",
      "kind" : "localSourceControl",
      "location" : "https://github.com/swift-primitives/swift-random-primitives.git",
      "state" : {
        "branch" : "main",
        "revision" : "05eb80bd1db6146ac4520dff1e58d2846900bfd6"
      }
    },
    {
      "identity" : "swift-range-primitives",
      "kind" : "localSourceControl",
      "location" : "https://github.com/swift-primitives/swift-range-primitives.git",
      "state" : {
        "branch" : "main",
        "revision" : "ce482f9ebeeee0041afcfef21434e6872a163488"
      }
    },
    {
      "identity" : "swift-reference-primitives",
      "kind" : "localSourceControl",
      "location" : "https://github.com/swift-primitives/swift-reference-primitives.git",
      "state" : {
        "branch" : "main",
        "revision" : "15785495cfb0232e90f34728e65860e8e73b0bde"
      }
    },
    {
      "identity" : "swift-rfc-4648",
      "kind" : "localSourceControl",
      "location" : "https://github.com/swift-ietf/swift-rfc-4648.git",
      "state" : {
        "branch" : "main",
        "revision" : "8f0423a11edbc83e2c43cb67f74f7ed79884dc0b"
      }
    },
    {
      "identity" : "swift-rfc-8259",
      "kind" : "localSourceControl",
      "location" : "https://github.com/swift-ietf/swift-rfc-8259.git",
      "state" : {
        "branch" : "main",
        "revision" : "b1df9b9353809771cf0cf8cd0b7f2c7938b84f49"
      }
    },
    {
      "identity" : "swift-sample-primitives",
      "kind" : "localSourceControl",
      "location" : "https://github.com/swift-primitives/swift-sample-primitives.git",
      "state" : {
        "branch" : "main",
        "revision" : "c2374d2a0569b41c297b9878d11909386e93398b"
      }
    },
    {
      "identity" : "swift-sequence-primitives",
      "kind" : "localSourceControl",
      "location" : "https://github.com/swift-primitives/swift-sequence-primitives.git",
      "state" : {
        "branch" : "main",
        "revision" : "41bdc56853af694d28b4339e1cb63f726336db48"
      }
    },
    {
      "identity" : "swift-serializer-primitives",
      "kind" : "localSourceControl",
      "location" : "https://github.com/swift-primitives/swift-serializer-primitives.git",
      "state" : {
        "branch" : "main",
        "revision" : "ddebfca30bb6f5001d6e3105713171f24296e6bd"
      }
    },
    {
      "identity" : "swift-set-ordered-primitives",
      "kind" : "localSourceControl",
      "location" : "https://github.com/swift-primitives/swift-set-ordered-primitives.git",
      "state" : {
        "branch" : "main",
        "revision" : "10a68a74df0b7e37ef1835ff2c2d55aac6ffd245"
      }
    },
    {
      "identity" : "swift-set-primitives",
      "kind" : "localSourceControl",
      "location" : "https://github.com/swift-primitives/swift-set-primitives.git",
      "state" : {
        "branch" : "main",
        "revision" : "bea0d4250b2e358e5c165c471220e414982a28ac"
      }
    },
    {
      "identity" : "swift-source-primitives",
      "kind" : "localSourceControl",
      "location" : "https://github.com/swift-primitives/swift-source-primitives.git",
      "state" : {
        "branch" : "main",
        "revision" : "aa136d24a7112ef01f11682665a374abbbc5455d"
      }
    },
    {
      "identity" : "swift-stack-primitives",
      "kind" : "localSourceControl",
      "location" : "https://github.com/swift-primitives/swift-stack-primitives.git",
      "state" : {
        "branch" : "main",
        "revision" : "7e4093053b2df4ff8fe361e648fd30c4884a8bc7"
      }
    },
    {
      "identity" : "swift-standard-library-extensions",
      "kind" : "localSourceControl",
      "location" : "https://github.com/swift-primitives/swift-standard-library-extensions.git",
      "state" : {
        "branch" : "main",
        "revision" : "daf21a57c842a71cd4e1360e08493d137e784596"
      }
    },
    {
      "identity" : "swift-storage-arena-primitives",
      "kind" : "localSourceControl",
      "location" : "https://github.com/swift-primitives/swift-storage-arena-primitives.git",
      "state" : {
        "branch" : "main",
        "revision" : "2b0d14f7e2709b7da5895cc8c2bf6cf28df683cc"
      }
    },
    {
      "identity" : "swift-storage-primitives",
      "kind" : "localSourceControl",
      "location" : "https://github.com/swift-primitives/swift-storage-primitives.git",
      "state" : {
        "branch" : "main",
        "revision" : "038fc88d16c6e545b6dd0c486329ad92f92c42ce"
      }
    },
    {
      "identity" : "swift-storage-slab-primitives",
      "kind" : "localSourceControl",
      "location" : "https://github.com/swift-primitives/swift-storage-slab-primitives.git",
      "state" : {
        "branch" : "main",
        "revision" : "7604b77609ab7a110821926f6cc04ce341639f43"
      }
    },
    {
      "identity" : "swift-storage-split-primitives",
      "kind" : "localSourceControl",
      "location" : "https://github.com/swift-primitives/swift-storage-split-primitives.git",
      "state" : {
        "branch" : "main",
        "revision" : "7d42e71edf8728db546f74db5f970a50cdf6efc8"
      }
    },
    {
      "identity" : "swift-string-primitives",
      "kind" : "localSourceControl",
      "location" : "https://github.com/swift-primitives/swift-string-primitives.git",
      "state" : {
        "branch" : "main",
        "revision" : "250f5696e6ace1b68c009b1ce27718b751ec0b28"
      }
    },
    {
      "identity" : "swift-strings",
      "kind" : "localSourceControl",
      "location" : "https://github.com/swift-foundations/swift-strings.git",
      "state" : {
        "branch" : "main",
        "revision" : "0e72186f81e5c8e05ebb48e4563ae137634b2035"
      }
    },
    {
      "identity" : "swift-structured-queries-primitives",
      "kind" : "localSourceControl",
      "location" : "https://github.com/swift-primitives/swift-structured-queries-primitives.git",
      "state" : {
        "branch" : "main",
        "revision" : "e7c5d89db4e9bbfd73ac88054440141c89c06b86"
      }
    },
    {
      "identity" : "swift-synchronizers",
      "kind" : "localSourceControl",
      "location" : "https://github.com/swift-foundations/swift-synchronizers.git",
      "state" : {
        "branch" : "main",
        "revision" : "3209694f7f649f7f0250a322a8c76c43226186ad"
      }
    },
    {
      "identity" : "swift-syntax",
      "kind" : "remoteSourceControl",
      "location" : "https://github.com/swiftlang/swift-syntax.git",
      "state" : {
        "revision" : "4799286537280063c85a32f09884cfbca301b1a1",
        "version" : "602.0.0"
      }
    },
    {
      "identity" : "swift-system-primitives",
      "kind" : "localSourceControl",
      "location" : "https://github.com/swift-primitives/swift-system-primitives.git",
      "state" : {
        "branch" : "main",
        "revision" : "29acb34f3a70ecaa7dc001b3a326c9f13933395c"
      }
    },
    {
      "identity" : "swift-tagged-collection-primitives",
      "kind" : "localSourceControl",
      "location" : "https://github.com/swift-primitives/swift-tagged-collection-primitives.git",
      "state" : {
        "branch" : "main",
        "revision" : "5502d6f38c82293f9ea8b718e67f6c3bca0a9b90"
      }
    },
    {
      "identity" : "swift-tagged-primitives",
      "kind" : "localSourceControl",
      "location" : "https://github.com/swift-primitives/swift-tagged-primitives.git",
      "state" : {
        "branch" : "main",
        "revision" : "d3caae5b49853f99f0da58e1aae89cb66086929b"
      }
    },
    {
      "identity" : "swift-terminal-input-primitives",
      "kind" : "localSourceControl",
      "location" : "https://github.com/swift-primitives/swift-terminal-input-primitives.git",
      "state" : {
        "branch" : "main",
        "revision" : "a50912c0319c25668016a5b993f7722705e5f128"
      }
    },
    {
      "identity" : "swift-terminal-primitives",
      "kind" : "localSourceControl",
      "location" : "https://github.com/swift-primitives/swift-terminal-primitives.git",
      "state" : {
        "branch" : "main",
        "revision" : "5112df579b541e2c205b93b731a400d568d0f545"
      }
    },
    {
      "identity" : "swift-test-primitives",
      "kind" : "localSourceControl",
      "location" : "https://github.com/swift-primitives/swift-test-primitives.git",
      "state" : {
        "branch" : "main",
        "revision" : "ed05daadb64b191bf260f7b73054643e382bf403"
      }
    },
    {
      "identity" : "swift-tests",
      "kind" : "localSourceControl",
      "location" : "https://github.com/swift-foundations/swift-tests.git",
      "state" : {
        "branch" : "main",
        "revision" : "25ec0b3f72888f4ae6bcc4796a30f7aeebf2bb3f"
      }
    },
    {
      "identity" : "swift-text-primitives",
      "kind" : "localSourceControl",
      "location" : "https://github.com/swift-primitives/swift-text-primitives.git",
      "state" : {
        "branch" : "main",
        "revision" : "252f6478ad0e37fbf4fd9f699af645ad2328326e"
      }
    },
    {
      "identity" : "swift-threads",
      "kind" : "localSourceControl",
      "location" : "https://github.com/swift-foundations/swift-threads.git",
      "state" : {
        "branch" : "main",
        "revision" : "3617312deadf40e877eab28e69f09124d50d4f73"
      }
    },
    {
      "identity" : "swift-time-primitives",
      "kind" : "localSourceControl",
      "location" : "https://github.com/swift-primitives/swift-time-primitives.git",
      "state" : {
        "branch" : "main",
        "revision" : "a3d5548bb32b57d1f72afbbe8ab5c9cd460099c9"
      }
    },
    {
      "identity" : "swift-token-primitives",
      "kind" : "localSourceControl",
      "location" : "https://github.com/swift-primitives/swift-token-primitives.git",
      "state" : {
        "branch" : "main",
        "revision" : "ad0af8b70c5ef5dc118a47aa68edec21d0779594"
      }
    },
    {
      "identity" : "swift-tree-keyed-primitives",
      "kind" : "localSourceControl",
      "location" : "https://github.com/swift-primitives/swift-tree-keyed-primitives.git",
      "state" : {
        "branch" : "main",
        "revision" : "8866f923c0cc2c601186d99a56a133408db092f7"
      }
    },
    {
      "identity" : "swift-tree-primitives",
      "kind" : "localSourceControl",
      "location" : "https://github.com/swift-primitives/swift-tree-primitives.git",
      "state" : {
        "branch" : "main",
        "revision" : "087ffa36edee7878a764924bb9f572f381e48d1d"
      }
    },
    {
      "identity" : "swift-vector-primitives",
      "kind" : "localSourceControl",
      "location" : "https://github.com/swift-primitives/swift-vector-primitives.git",
      "state" : {
        "branch" : "main",
        "revision" : "fc8c9372029459c1bd36d511a415bd5172a65b5a"
      }
    },
    {
      "identity" : "swift-windows",
      "kind" : "localSourceControl",
      "location" : "https://github.com/swift-foundations/swift-windows.git",
      "state" : {
        "branch" : "main",
        "revision" : "834acb0de1593d9e5e16caecf83345cc98260065"
      }
    },
    {
      "identity" : "swift-windows-32",
      "kind" : "localSourceControl",
      "location" : "https://github.com/swift-microsoft/swift-windows-standard.git",
      "state" : {
        "branch" : "main",
        "revision" : "8657a0d56c4879e4806ee0998808aad97b60697d"
      }
    },
    {
      "identity" : "swift-witness-primitives",
      "kind" : "localSourceControl",
      "location" : "https://github.com/swift-primitives/swift-witness-primitives.git",
      "state" : {
        "branch" : "main",
        "revision" : "f9f70d4543f8423c4e30bdd066147bb13c58b415"
      }
    },
    {
      "identity" : "swift-witnesses",
      "kind" : "localSourceControl",
      "location" : "https://github.com/swift-foundations/swift-witnesses.git",
      "state" : {
        "branch" : "main",
        "revision" : "5b0ba6680a7baafb02563d815b349ae6e922d6e4"
      }
    },
    {
      "identity" : "swift-x86-standard",
      "kind" : "localSourceControl",
      "location" : "https://github.com/swift-intel/swift-x86-standard.git",
      "state" : {
        "branch" : "main",
        "revision" : "0da58197a02910922e81c2e432418294545f6258"
      }
    }
  ],
  "version" : 3
}
